
Microsoft Visual Studio Solution File, Format Version 12.00
# Visual Studio Version 17
VisualStudioVersion = 17.7.34009.444
MinimumVisualStudioVersion = 10.0.40219.1
Project("{FAE04EC0-301F-11D3-BF4B-00C04F79EFBC}") = "Whack-A-Mole HW", "Whack-A-Mole HW\Whack-A-Mole HW.csproj", "{0241513B-8142-4EF7-8AF1-8C33FDD65C51}"
EndProject
Project("{2150E333-8FDC-42A3-9474-1A3956D46DE8}") = "Solution Items", "Solution Items", "{886CE32E-3C58-46B2-86C7-51E05046861C}"
	ProjectSection(SolutionItems) = preProject
		62953-hammer-icon.cur = 62953-hammer-icon.cur
	EndProjectSection
EndProject
Global
	GlobalSection(SolutionConfigurationPlatforms) = preSolution
		Debug|Any CPU = Debug|Any CPU
		Release|Any CPU = Release|Any CPU
	EndGlobalSection
	GlobalSection(ProjectConfigurationPlatforms) = postSolution
		{0241513B-8142-4EF7-8AF1-8C33FDD65C51}.Debug|Any CPU.ActiveCfg = Debug|Any CPU
		{0241513B-8142-4EF7-8AF1-8C33FDD65C51}.Debug|Any CPU.Build.0 = Debug|Any CPU
		{0241513B-8142-4EF7-8AF1-8C33FDD65C51}.Release|Any CPU.ActiveCfg = Release|Any CPU
		{0241513B-8142-4EF7-8AF1-8C33FDD65C51}.Release|Any CPU.Build.0 = Release|Any CPU
	EndGlobalSection
	GlobalSection(SolutionProperties) = preSolution
		HideSolutionNode = FALSE
	EndGlobalSection
	GlobalSection(ExtensibilityGlobals) = postSolution
		SolutionGuid = {EED16613-9EC6-4E3D-857F-EF3E82AE8166}
	EndGlobalSection
EndGlobal
